// !$*UTF8*$!
{
	archiveVersion = 1;
	classes = {
	};
	objectVersion = 55;
	objects = {

/* Begin PBXBuildFile section */
		CB2B5CCA2841FE3500CB72BF /* AppDelegate.swift in Sources */ = {isa = PBXBuildFile; fileRef = CB2B5CC92841FE3500CB72BF /* AppDelegate.swift */; };
		CB2B5CCC2841FE3500CB72BF /* SceneDelegate.swift in Sources */ = {isa = PBXBuildFile; fileRef = CB2B5CCB2841FE3500CB72BF /* SceneDelegate.swift */; };
		CB2B5CCE2841FE3500CB72BF /* ViewController.swift in Sources */ = {isa = PBXBuildFile; fileRef = CB2B5CCD2841FE3500CB72BF /* ViewController.swift */; };
		CB2B5CD12841FE3500CB72BF /* Main.storyboard in Resources */ = {isa = PBXBuildFile; fileRef = CB2B5CCF2841FE3500CB72BF /* Main.storyboard */; };
		CB2B5CD32841FE3600CB72BF /* Assets.xcassets in Resources */ = {isa = PBXBuildFile; fileRef = CB2B5CD22841FE3600CB72BF /* Assets.xcassets */; };
		CB2B5CD62841FE3600CB72BF /* LaunchScreen.storyboard in Resources */ = {isa = PBXBuildFile; fileRef = CB2B5CD42841FE3600CB72BF /* LaunchScreen.storyboard */; };
/* End PBXBuildFile section */

/* Begin PBXFileReference section */
		CB2B5CC62841FE3500CB72BF /* Arbuz(UIkit+SwiftUI).app */ = {isa = PBXFileReference; explicitFileType = wrapper.application; includeInIndex = 0; path = "Arbuz(UIkit+SwiftUI).app"; sourceTree = BUILT_PRODUCTS_DIR; };
		CB2B5CC92841FE3500CB72BF /* AppDelegate.swift */ = {isa = PBXFileReference; lastKnownFileType = sourcecode.swift; path = AppDelegate.swift; sourceTree = "<group>"; };
		CB2B5CCB2841FE3500CB72BF /* SceneDelegate.swift */ = {isa = PBXFileReference; lastKnownFileType = sourcecode.swift; path = SceneDelegate.swift; sourceTree = "<group>"; };
		CB2B5CCD2841FE3500CB72BF /* ViewController.swift */ = {isa = PBXFileReference; lastKnownFileType = sourcecode.swift; path = ViewController.swift; sourceTree = "<group>"; };
		CB2B5CD02841FE3500CB72BF /* Base */ = {isa = PBXFileReference; lastKnownFileType = file.storyboard; name = Base; path = Base.lproj/Main.storyboard; sourceTree = "<group>"; };
		CB2B5CD22841FE3600CB72BF /* Assets.xcassets */ = {isa = PBXFileReference; lastKnownFileType = folder.assetcatalog; path = Assets.xcassets; sourceTree = "<group>"; };
		CB2B5CD52841FE3600CB72BF /* Base */ = {isa = PBXFileReference; lastKnownFileType = file.storyboard; name = Base; path = Base.lproj/LaunchScreen.storyboard; sourceTree = "<group>"; };
		CB2B5CD72841FE3600CB72BF /* Info.plist */ = {isa = PBXFileReference; lastKnownFileType = text.plist.xml; path = Info.plist; sourceTree = "<group>"; };
/* End PBXFileReference section */

/* Begin PBXFrameworksBuildPhase section */
		CB2B5CC32841FE3500CB72BF /* Frameworks */ = {
			isa = PBXFrameworksBuildPhase;
			buildActionMask = 2147483647;
			files = (
			);
			runOnlyForDeploymentPostprocessing = 0;
		};
/* End PBXFrameworksBuildPhase section */

/* Begin PBXGroup section */
		CB2B5CBD2841FE3500CB72BF = {
			isa = PBXGroup;
			children = (
				CB2B5CC82841FE3500CB72BF /* Arbuz(UIkit+SwiftUI) */,
				CB2B5CC72841FE3500CB72BF /* Products */,
			);
			sourceTree = "<group>";
		};
		CB2B5CC72841FE3500CB72BF /* Products */ = {
			isa = PBXGroup;
			children = (
				CB2B5CC62841FE3500CB72BF /* Arbuz(UIkit+SwiftUI).app */,
			);
			name = Products;
			sourceTree = "<group>";
		};
		CB2B5CC82841FE3500CB72BF /* Arbuz(UIkit+SwiftUI) */ = {
			isa = PBXGroup;
			children = (
				CB2B5CC92841FE3500CB72BF /* AppDelegate.swift */,
				CB2B5CCB2841FE3500CB72BF /* SceneDelegate.swift */,
				CB2B5CCD2841FE3500CB72BF /* ViewController.swift */,
				CB2B5CCF2841FE3500CB72BF /* Main.storyboard */,
				CB2B5CD22841FE3600CB72BF /* Assets.xcassets */,
				CB2B5CD42841FE3600CB72BF /* LaunchScreen.storyboard */,
				CB2B5CD72841FE3600CB72BF /* Info.plist */,
			);
			path = "Arbuz(UIkit+SwiftUI)";
			sourceTree = "<group>";
		};
/* End PBXGroup section */

/* Begin PBXNativeTarget section */
		CB2B5CC52841FE3500CB72BF /* Arbuz(UIkit+SwiftUI) */ = {
			isa = PBXNativeTarget;
			buildConfigurationList = CB2B5CDA2841FE3600CB72BF /* Build configuration list for PBXNativeTarget "Arbuz(UIkit+SwiftUI)" */;
			buildPhases = (
				CB2B5CC22841FE3500CB72BF /* Sources */,
				CB2B5CC32841FE3500CB72BF /* Frameworks */,
				CB2B5CC42841FE3500CB72BF /* Resources */,
			);
			buildRules = (
			);
			dependencies = (
			);
			name = "Arbuz(UIkit+SwiftUI)";
			productName = "Arbuz(UIkit+SwiftUI)";
			productReference = CB2B5CC62841FE3500CB72BF /* Arbuz(UIkit+SwiftUI).app */;
			productType = "com.apple.product-type.application";
		};
/* End PBXNativeTarget section */

/* Begin PBXProject section */
		CB2B5CBE2841FE3500CB72BF /* Project object */ = {
			isa = PBXProject;
			attributes = {
				BuildIndependentTargetsInParallel = 1;
				LastSwiftUpdateCheck = 1310;
				LastUpgradeCheck = 1310;
				TargetAttributes = {
					CB2B5CC52841FE3500CB72BF = {
						CreatedOnToolsVersion = 13.1;
					};
				};
			};
			buildConfigurationList = CB2B5CC12841FE3500CB72BF /* Build configuration list for PBXProject "Arbuz(UIkit+SwiftUI)" */;
			compatibilityVersion = "Xcode 13.0";
			developmentRegion = en;
			hasScannedForEncodings = 0;
			knownRegions = (
				en,
				Base,
			);
			mainGroup = CB2B5CBD2841FE3500CB72BF;
			productRefGroup = CB2B5CC72841FE3500CB72BF /* Products */;
			projectDirPath = "";
			projectRoot = "";
			targets = (
				CB2B5CC52841FE3500CB72BF /* Arbuz(UIkit+SwiftUI) */,
			);
		};
/* End PBXProject section */

/* Begin PBXResourcesBuildPhase section */
		CB2B5CC42841FE3500CB72BF /* Resources */ = {
			isa = PBXResourcesBuildPhase;
			buildActionMask = 2147483647;
			files = (
				CB2B5CD62841FE3600CB72BF /* LaunchScreen.storyboard in Resources */,
				CB2B5CD32841FE3600CB72BF /* Assets.xcassets in Resources */,
				CB2B5CD12841FE3500CB72BF /* Main.storyboard in Resources */,
			);
			runOnlyForDeploymentPostprocessing = 0;
		};
/* End PBXResourcesBuildPhase section */

/* Begin PBXSourcesBuildPhase section */
		CB2B5CC22841FE3500CB72BF /* Sources */ = {
			isa = PBXSourcesBuildPhase;
			buildActionMask = 2147483647;
			files = (
				CB2B5CCE2841FE3500CB72BF /* ViewController.swift in Sources */,
				CB2B5CCA2841FE3500CB72BF /* AppDelegate.swift in Sources */,
				CB2B5CCC2841FE3500CB72BF /* SceneDelegate.swift in Sources */,
			);
			runOnlyForDeploymentPostprocessing = 0;
		};
/* End PBXSourcesBuildPhase section */

/* Begin PBXVariantGroup section */
		CB2B5CCF2841FE3500CB72BF /* Main.storyboard */ = {
			isa = PBXVariantGroup;
			children = (
				CB2B5CD02841FE3500CB72BF /* Base */,
			);
			name = Main.storyboard;
			sourceTree = "<group>";
		};
		CB2B5CD42841FE3600CB72BF /* LaunchScreen.storyboard */ = {
			isa = PBXVariantGroup;
			children = (
				CB2B5CD52841FE3600CB72BF /* Base */,
			);
			name = LaunchScreen.storyboard;
			sourceTree = "<group>";
		};
/* End PBXVariantGroup section */

/* Begin XCBuildConfiguration section */
		CB2B5CD82841FE3600CB72BF /* Debug */ = {
			isa = XCBuildConfiguration;
			buildSettings = {
				ALWAYS_SEARCH_USER_PATHS = NO;
				CLANG_ANALYZER_NONNULL = YES;
				CLANG_ANALYZER_NUMBER_OBJECT_CONVERSION = YES_AGGRESSIVE;
				CLANG_CXX_LANGUAGE_STANDARD = "gnu++17";
				CLANG_CXX_LIBRARY = "libc++";
				CLANG_ENABLE_MODULES = YES;
				CLANG_ENABLE_OBJC_ARC = YES;
				CLANG_ENABLE_OBJC_WEAK = YES;
				CLANG_WARN_BLOCK_CAPTURE_AUTORELEASING = YES;
				CLANG_WARN_BOOL_CONVERSION = YES;
				CLANG_WARN_COMMA = YES;
				CLANG_WARN_CONSTANT_CONVERSION = YES;
				CLANG_WARN_DEPRECATED_OBJC_IMPLEMENTATIONS = YES;
				CLANG_WARN_DIRECT_OBJC_ISA_USAGE = YES_ERROR;
				CLANG_WARN_DOCUMENTATION_COMMENTS = YES;
				CLANG_WARN_EMPTY_BODY = YES;
				CLANG_WARN_ENUM_CONVERSION = YES;
				CLANG_WARN_INFINITE_RECURSION = YES;
				CLANG_WARN_INT_CONVERSION = YES;
				CLANG_WARN_NON_LITERAL_NULL_CONVERSION = YES;
				CLANG_WARN_OBJC_IMPLICIT_RETAIN_SELF = YES;
				CLANG_WARN_OBJC_LITERAL_CONVERSION = YES;
				CLANG_WARN_OBJC_ROOT_CLASS = YES_ERROR;
				CLANG_WARN_QUOTED_INCLUDE_IN_FRAMEWORK_HEADER = YES;
				CLANG_WARN_RANGE_LOOP_ANALYSIS = YES;
				CLANG_WARN_STRICT_PROTOTYPES = YES;
				CLANG_WARN_SUSPICIOUS_MOVE = YES;
				CLANG_WARN_UNGUARDED_AVAILABILITY = YES_AGGRESSIVE;
				CLANG_WARN_UNREACHABLE_CODE = YES;
				CLANG_WARN__DUPLICATE_METHOD_MATCH = YES;
				COPY_PHASE_STRIP = NO;
				DEBUG_INFORMATION_FORMAT = dwarf;
				ENABLE_STRICT_OBJC_MSGSEND = YES;
				ENABLE_TESTABILITY = YES;
				GCC_C_LANGUAGE_STANDARD = gnu11;
				GCC_DYNAMIC_NO_PIC = NO;
				GCC_NO_COMMON_BLOCKS = YES;
				GCC_OPTIMIZATION_LEVEL = 0;
				GCC_PREPROCESSOR_DEFINITIONS = (
					"DEBUG=1",
					"$(inherited)",
				);
				GCC_WARN_64_TO_32_BIT_CONVERSION = YES;
				GCC_WARN_ABOUT_RETURN_TYPE = YES_ERROR;
				GCC_WARN_UNDECLARED_SELECTOR = YES;
				GCC_WARN_UNINITIALIZED_AUTOS = YES_AGGRESSIVE;
				GCC_WARN_UNUSED_FUNCTION = YES;
				GCC_WARN_UNUSED_VARIABLE = YES;
				IPHONEOS_DEPLOYMENT_TARGET = 15.0;
				MTL_ENABLE_DEBUG_INFO = INCLUDE_SOURCE;
				MTL_FAST_MATH = YES;
				ONLY_ACTIVE_ARCH = YES;
				SDKROOT = iphoneos;
				SWIFT_ACTIVE_COMPILATION_CONDITIONS = DEBUG;
				SWIFT_OPTIMIZATION_LEVEL = "-Onone";
			};
			name = Debug;
		};
		CB2B5CD92841FE3600CB72BF /* Release */ = {
			isa = XCBuildConfiguration;
			buildSettings = {
				ALWAYS_SEARCH_USER_PATHS = NO;
				CLANG_ANALYZER_NONNULL = YES;
				CLANG_ANALYZER_NUMBER_OBJECT_CONVERSION = YES_AGGRESSIVE;
				CLANG_CXX_LANGUAGE_STANDARD = "gnu++17";
				CLANG_CXX_LIBRARY = "libc++";
				CLANG_ENABLE_MODULES = YES;
				CLANG_ENABLE_OBJC_ARC = YES;
				CLANG_ENABLE_OBJC_WEAK = YES;
				CLANG_WARN_BLOCK_CAPTURE_AUTORELEASING = YES;
				CLANG_WARN_BOOL_CONVERSION = YES;
				CLANG_WARN_COMMA = YES;
				CLANG_WARN_CONSTANT_CONVERSION = YES;
				CLANG_WARN_DEPRECATED_OBJC_IMPLEMENTATIONS = YES;
				CLANG_WARN_DIRECT_OBJC_ISA_USAGE = YES_ERROR;
				CLANG_WARN_DOCUMENTATION_COMMENTS = YES;
				CLANG_WARN_EMPTY_BODY = YES;
				CLANG_WARN_ENUM_CONVERSION = YES;
				CLANG_WARN_INFINITE_RECURSION = YES;
				CLANG_WARN_INT_CONVERSION = YES;
				CLANG_WARN_NON_LITERAL_NULL_CONVERSION = YES;
				CLANG_WARN_OBJC_IMPLICIT_RETAIN_SELF = YES;
				CLANG_WARN_OBJC_LITERAL_CONVERSION = YES;
				CLANG_WARN_OBJC_ROOT_CLASS = YES_ERROR;
				CLANG_WARN_QUOTED_INCLUDE_IN_FRAMEWORK_HEADER = YES;
				CLANG_WARN_RANGE_LOOP_ANALYSIS = YES;
				CLANG_WARN_STRICT_PROTOTYPES = YES;
				CLANG_WARN_SUSPICIOUS_MOVE = YES;
				CLANG_WARN_UNGUARDED_AVAILABILITY = YES_AGGRESSIVE;
				CLANG_WARN_UNREACHABLE_CODE = YES;
				CLANG_WARN__DUPLICATE_METHOD_MATCH = YES;
				COPY_PHASE_STRIP = NO;
				DEBUG_INFORMATION_FORMAT = "dwarf-with-dsym";
				ENABLE_NS_ASSERTIONS = NO;
				ENABLE_STRICT_OBJC_MSGSEND = YES;
				GCC_C_LANGUAGE_STANDARD = gnu11;
				GCC_NO_COMMON_BLOCKS = YES;
				GCC_WARN_64_TO_32_BIT_CONVERSION = YES;
				GCC_WARN_ABOUT_RETURN_TYPE = YES_ERROR;
				GCC_WARN_UNDECLARED_SELECTOR = YES;
				GCC_WARN_UNINITIALIZED_AUTOS = YES_AGGRESSIVE;
				GCC_WARN_UNUSED_FUNCTION = YES;
				GCC_WARN_UNUSED_VARIABLE = YES;
				IPHONEOS_DEPLOYMENT_TARGET = 15.0;
				MTL_ENABLE_DEBUG_INFO = NO;
				MTL_FAST_MATH = YES;
				SDKROOT = iphoneos;
				SWIFT_COMPILATION_MODE = wholemodule;
				SWIFT_OPTIMIZATION_LEVEL = "-O";
				VALIDATE_PRODUCT = YES;
			};
			name = Release;
		};
		CB2B5CDB2841FE3600CB72BF /* Debug */ = {
			isa = XCBuildConfiguration;
			buildSettings = {
				ASSETCATALOG_COMPILER_APPICON_NAME = AppIcon;
				ASSETCATALOG_COMPILER_GLOBAL_ACCENT_COLOR_NAME = AccentColor;
				CODE_SIGN_STYLE = Automatic;
				CURRENT_PROJECT_VERSION = 1;
				DEVELOPMENT_TEAM = S65N28FSD8;
				GENERATE_INFOPLIST_FILE = YES;
				INFOPLIST_FILE = "Arbuz(UIkit+SwiftUI)/Info.plist";
				INFOPLIST_KEY_UIApplicationSupportsIndirectInputEvents = YES;
				INFOPLIST_KEY_UILaunchStoryboardName = LaunchScreen;
				INFOPLIST_KEY_UIMainStoryboardFile = Main;
				INFOPLIST_KEY_UISupportedInterfaceOrientations_iPad = "UIInterfaceOrientationPortrait UIInterfaceOrientationPortraitUpsideDown UIInterfaceOrientationLandscapeLeft UIInterfaceOrientationLandscapeRight";
				INFOPLIST_KEY_UISupportedInterfaceOrientations_iPhone = "UIInterfaceOrientationPortrait UIInterfaceOrientationLandscapeLeft UIInterfaceOrientationLandscapeRight";
				LD_RUNPATH_SEARCH_PATHS = (
					"$(inherited)",
					"@executable_path/Frameworks",
				);
				MARKETING_VERSION = 1.0;
				PRODUCT_BUNDLE_IDENTIFIER = "com.yerkebulan.Arbuz-UIkit-SwiftUI-";
				PRODUCT_NAME = "$(TARGET_NAME)";
				SWIFT_EMIT_LOC_STRINGS = YES;
				SWIFT_VERSION = 5.0;
				TARGETED_DEVICE_FAMILY = "1,2";
			};
			name = Debug;
		};
		CB2B5CDC2841FE3600CB72BF /* Release */ = {
			isa = XCBuildConfiguration;
			buildSettings = {
				ASSETCATALOG_COMPILER_APPICON_NAME = AppIcon;
				ASSETCATALOG_COMPILER_GLOBAL_ACCENT_COLOR_NAME = AccentColor;
				CODE_SIGN_STYLE = Automatic;
				CURRENT_PROJECT_VERSION = 1;
				DEVELOPMENT_TEAM = S65N28FSD8;
				GENERATE_INFOPLIST_FILE = YES;
				INFOPLIST_FILE = "Arbuz(UIkit+SwiftUI)/Info.plist";
				INFOPLIST_KEY_UIApplicationSupportsIndirectInputEvents = YES;
				INFOPLIST_KEY_UILaunchStoryboardName = LaunchScreen;
				INFOPLIST_KEY_UIMainStoryboardFile = Main;
				INFOPLIST_KEY_UISupportedInterfaceOrientations_iPad = "UIInterfaceOrientationPortrait UIInterfaceOrientationPortraitUpsideDown UIInterfaceOrientationLandscapeLeft UIInterfaceOrientationLandscapeRight";
				INFOPLIST_KEY_UISupportedInterfaceOrientations_iPhone = "UIInterfaceOrientationPortrait UIInterfaceOrientationLandscapeLeft UIInterfaceOrientationLandscapeRight";
				LD_RUNPATH_SEARCH_PATHS = (
					"$(inherited)",
					"@executable_path/Frameworks",
				);
				MARKETING_VERSION = 1.0;
				PRODUCT_BUNDLE_IDENTIFIER = "com.yerkebulan.Arbuz-UIkit-SwiftUI-";
				PRODUCT_NAME = "$(TARGET_NAME)";
				SWIFT_EMIT_LOC_STRINGS = YES;
				SWIFT_VERSION = 5.0;
				TARGETED_DEVICE_FAMILY = "1,2";
			};
			name = Release;
		};
/* End XCBuildConfiguration section */

/* Begin XCConfigurationList section */
		CB2B5CC12841FE3500CB72BF /* Build configuration list for PBXProject "Arbuz(UIkit+SwiftUI)" */ = {
			isa = XCConfigurationList;
			buildConfigurations = (
				CB2B5CD82841FE3600CB72BF /* Debug */,
				CB2B5CD92841FE3600CB72BF /* Release */,
			);
			defaultConfigurationIsVisible = 0;
			defaultConfigurationName = Release;
		};
		CB2B5CDA2841FE3600CB72BF /* Build configuration list for PBXNativeTarget "Arbuz(UIkit+SwiftUI)" */ = {
			isa = XCConfigurationList;
			buildConfigurations = (
				CB2B5CDB2841FE3600CB72BF /* Debug */,
				CB2B5CDC2841FE3600CB72BF /* Release */,
			);
			defaultConfigurationIsVisible = 0;
			defaultConfigurationName = Release;
		};
/* End XCConfigurationList section */
	};
	rootObject = CB2B5CBE2841FE3500CB72BF /* Project object */;
}
